{
    "_readme": [
        "This file locks the dependencies of your project to a known state",
        "Read more about it at https://getcomposer.org/doc/01-basic-usage.md#installing-dependencies",
        "This file is @generated automatically"
    ],
    "content-hash": "7f8eb0b36a34a364759656f0fd071ab1",
    "packages": [
        {
            "name": "phpfastcache/phpfastcache",
            "version": "7.0.5",
            "source": {
                "type": "git",
                "url": "https://github.com/PHPSocialNetwork/phpfastcache.git",
                "reference": "64638b27f473aa26603e84288d91a2b80a4aa388"
            },
            "dist": {
                "type": "zip",
                "url": "https://api.github.com/repos/PHPSocialNetwork/phpfastcache/zipball/64638b27f473aa26603e84288d91a2b80a4aa388",
                "reference": "64638b27f473aa26603e84288d91a2b80a4aa388",
                "shasum": ""
            },
            "require": {
                "ext-json": "*",
                "ext-mbstring": "*",
                "php": ">=7.0",
                "psr/cache": "~1.0.0",
                "psr/simple-cache": "~1.0.0"
            },
            "conflict": {
                "basho/riak": "*",
                "doctrine/couchdb": "*"
            },
            "suggest": {
                "ext-apc": "*",
                "ext-couchbase": "*",
                "ext-intl": "*",
                "ext-leveldb": "*",
                "ext-memcache": "*",
                "ext-memcached": "*",
                "ext-redis": "*",
                "ext-sqlite": "*",
                "ext-wincache": "*",
                "ext-xcache": "*",
                "mongodb/mongodb": "^1.1",
                "phpfastcache/couchdb": "~1.0.0",
                "phpfastcache/phpssdb": "~1.0.0",
                "phpfastcache/riak-client": "~1.4.4",
                "predis/predis": "~1.1.0"
            },
            "type": "library",
            "autoload": {
                "psr-4": {
                    "Phpfastcache\\": "lib/Phpfastcache/"
                }
            },
            "notification-url": "https://packagist.org/downloads/",
            "license": [
                "MIT"
            ],
            "authors": [
                {
                    "name": "Georges.L",
                    "email": "contact@geolim4.com",
                    "homepage": "https://github.com/Geolim4",
                    "role": "Actual Project Manager/Developer"
                },
                {
                    "name": "Khoa Bui",
                    "email": "khoaofgod@gmail.com",
                    "homepage": "https://www.phpfastcache.com",
                    "role": "Former Project Developer/Original Creator"
                }
            ],
            "description": "PHP Abstract Cache Class - Reduce your database call using cache system. PhpFastCache handles a lot of drivers such as Apc(u), Cassandra, CouchBase, Couchdb, Mongodb, Files, (P)redis, Leveldb, Memcache(d), Ssdb, Sqlite, Wincache, Xcache, Zend Data Cache.",
            "homepage": "https://www.phpfastcache.com",
            "keywords": [
                "LevelDb",
                "abstract",
                "apc",
                "apcu",
                "cache",
                "cache class",
                "caching",
                "cassandra",
                "cookie",
                "couchbase",
                "couchdb",
                "files cache",
                "memcache",
                "memcached",
                "mongodb",
                "mysql cache",
                "pdo cache",
                "php cache",
                "predis",
                "redis",
                "ssdb",
                "wincache",
                "xcache",
                "zend",
                "zend data cache",
                "zend disk cache",
                "zend memory cache",
                "zend server"
            ],
            "time": "2019-03-03T14:39:16+00:00"
        },
        {
            "name": "psr/cache",
            "version": "1.0.1",
            "source": {
                "type": "git",
                "url": "https://github.com/php-fig/cache.git",
                "reference": "d11b50ad223250cf17b86e38383413f5a6764bf8"
            },
            "dist": {
                "type": "zip",
                "url": "https://api.github.com/repos/php-fig/cache/zipball/d11b50ad223250cf17b86e38383413f5a6764bf8",
                "reference": "d11b50ad223250cf17b86e38383413f5a6764bf8",
                "shasum": ""
            },
            "require": {
                "php": ">=5.3.0"
            },
            "type": "library",
            "extra": {
                "branch-alias": {
                    "dev-master": "1.0.x-dev"
                }
            },
            "autoload": {
                "psr-4": {
                    "Psr\\Cache\\": "src/"
                }
            },
            "notification-url": "https://packagist.org/downloads/",
            "license": [
                "MIT"
            ],
            "authors": [
                {
                    "name": "PHP-FIG",
                    "homepage": "http://www.php-fig.org/"
                }
            ],
            "description": "Common interface for caching libraries",
            "keywords": [
                "cache",
                "psr",
                "psr-6"
            ],
            "time": "2016-08-06T20:24:11+00:00"
        },
        {
            "name": "psr/simple-cache",
            "version": "1.0.1",
            "source": {
                "type": "git",
                "url": "https://github.com/php-fig/simple-cache.git",
                "reference": "408d5eafb83c57f6365a3ca330ff23aa4a5fa39b"
            },
            "dist": {
                "type": "zip",
                "url": "https://api.github.com/repos/php-fig/simple-cache/zipball/408d5eafb83c57f6365a3ca330ff23aa4a5fa39b",
                "reference": "408d5eafb83c57f6365a3ca330ff23aa4a5fa39b",
                "shasum": ""
            },
            "require": {
                "php": ">=5.3.0"
            },
            "type": "library",
            "extra": {
                "branch-alias": {
                    "dev-master": "1.0.x-dev"
                }
            },
            "autoload": {
                "psr-4": {
                    "Psr\\SimpleCache\\": "src/"
                }
            },
            "notification-url": "https://packagist.org/downloads/",
            "license": [
                "MIT"
            ],
            "authors": [
                {
                    "name": "PHP-FIG",
                    "homepage": "http://www.php-fig.org/"
                }
            ],
            "description": "Common interfaces for simple caching",
            "keywords": [
                "cache",
                "caching",
                "psr",
                "psr-16",
                "simple-cache"
            ],
            "time": "2017-10-23T01:57:42+00:00"
        },
        {
            "name": "rosell-dk/webp-convert",
            "version": "1.3.9",
            "source": {
                "type": "git",
                "url": "https://github.com/rosell-dk/webp-convert.git",
                "reference": "3680c278f08748054b4ab3ea7855be8984f008aa"
            },
            "dist": {
                "type": "zip",
                "url": "https://api.github.com/repos/rosell-dk/webp-convert/zipball/3680c278f08748054b4ab3ea7855be8984f008aa",
                "reference": "3680c278f08748054b4ab3ea7855be8984f008aa",
                "shasum": ""
            },
            "require-dev": {
                "friendsofphp/php-cs-fixer": "^2.11",
                "phpunit/phpunit": "5.7.27",
                "squizlabs/php_codesniffer": "3.*"
            },
            "type": "library",
            "extra": {
                "scripts-descriptions": {
                    "ci": "Run tests before CI",
                    "phpcs": "Checks coding styles (PSR2) of file/dir, which you must supply. To check all, supply 'src'",
                    "phpcbf": "Fix coding styles (PSR2) of file/dir, which you must supply. To fix all, supply 'src'",
                    "cs-fix-all": "Fix the coding style of all the source files, to comply with the PSR-2 coding standard",
                    "cs-fix": "Fix the coding style of a PHP file or directory, which you must specify.",
                    "test": "Launches the preconfigured PHPUnit"
                }
            },
            "autoload": {
                "psr-4": {
                    "WebPConvert\\": "src/"
                }
            },
            "notification-url": "https://packagist.org/downloads/",
            "license": [
                "MIT"
            ],
            "authors": [
                {
                    "name": "Martin Folkers",
                    "homepage": "https://twobrain.io",
                    "role": "Collaborator"
                },
                {
                    "name": "Bjørn Rosell",
                    "homepage": "https://www.bitwise-it.dk/contact",
                    "role": "Project Author"
                }
            ],
            "description": "Convert JPEG & PNG to WebP with PHP",
            "keywords": [
                "Webp",
                "cwebp",
                "gd",
                "image conversion",
                "images",
                "imagick",
                "jpg",
                "jpg2webp",
                "png",
                "png2webp"
            ],
            "time": "2019-03-21T07:34:21+00:00"
        }
    ],
    "packages-dev": [],
    "aliases": [],
    "minimum-stability": "stable",
    "stability-flags": [],
    "prefer-stable": false,
    "prefer-lowest": false,
    "platform": [],
    "platform-dev": []
}
